{
    "_meta": {
        "hash": {
            "sha256": "3fd01039d1ccfae8ec733749e193f62d7d1be665326460c83a75d747e114b99e"
        },
        "pipfile-spec": 6,
        "requires": {
            "python_version": "3.8"
        },
        "sources": [
            {
                "name": "pypi",
                "url": "https://pypi.org/simple",
                "verify_ssl": true
            }
        ]
    },
    "default": {
        "asgiref": {
            "hashes": [
                "sha256:7e51911ee147dd685c3c8b805c0ad0cb58d360987b56953878f8c06d2d1c6f1a",
                "sha256:9fc6fb5d39b8af147ba40765234fa822b39818b12cc80b35ad9b0cef3a476aed"
            ],
            "markers": "python_version >= '3.5'",
            "version": "==3.2.10"
        },
        "attrs": {
            "hashes": [
                "sha256:26b54ddbbb9ee1d34d5d3668dd37d6cf74990ab23c828c2888dccdceee395594",
                "sha256:fce7fc47dfc976152e82d53ff92fa0407700c21acd20886a13777a0d20e655dc"
            ],
            "markers": "python_version >= '2.7' and python_version not in '3.0, 3.1, 3.2, 3.3'",
            "version": "==20.2.0"
        },
        "autobahn": {
            "hashes": [
                "sha256:24ce276d313e84d68241c3aef30d484f352b90a40168981b3640312c821df77b",
                "sha256:86bbce30cdd407137c57670993a8f9bfdfe3f8e994b889181d85e844d5aa8dfb"
            ],
            "markers": "python_version >= '3.5'",
            "version": "==20.7.1"
        },
        "automat": {
            "hashes": [
                "sha256:7979803c74610e11ef0c0d68a2942b152df52da55336e0c9d58daf1831cbdf33",
                "sha256:b6feb6455337df834f6c9962d6ccf771515b7d939bca142b29c20c2376bc6111"
            ],
            "version": "==20.2.0"
        },
        "beautifulsoup4": {
            "hashes": [
                "sha256:1edf5e39f3a5bc6e38b235b369128416c7239b34f692acccececb040233032a1",
                "sha256:5dfe44f8fddc89ac5453f02659d3ab1668f2c0d9684839f0785037e8c6d9ac8d",
                "sha256:645d833a828722357038299b7f6879940c11dddd95b900fe5387c258b72bb883"
            ],
            "version": "==4.9.2"
        },
        "cffi": {
            "hashes": [
                "sha256:005f2bfe11b6745d726dbb07ace4d53f057de66e336ff92d61b8c7e9c8f4777d",
                "sha256:09e96138280241bd355cd585148dec04dbbedb4f46128f340d696eaafc82dd7b",
                "sha256:0b1ad452cc824665ddc682400b62c9e4f5b64736a2ba99110712fdee5f2505c4",
                "sha256:0ef488305fdce2580c8b2708f22d7785ae222d9825d3094ab073e22e93dfe51f",
                "sha256:15f351bed09897fbda218e4db5a3d5c06328862f6198d4fb385f3e14e19decb3",
                "sha256:22399ff4870fb4c7ef19fff6eeb20a8bbf15571913c181c78cb361024d574579",
                "sha256:23e5d2040367322824605bc29ae8ee9175200b92cb5483ac7d466927a9b3d537",
                "sha256:2791f68edc5749024b4722500e86303a10d342527e1e3bcac47f35fbd25b764e",
                "sha256:2f9674623ca39c9ebe38afa3da402e9326c245f0f5ceff0623dccdac15023e05",
                "sha256:3363e77a6176afb8823b6e06db78c46dbc4c7813b00a41300a4873b6ba63b171",
                "sha256:33c6cdc071ba5cd6d96769c8969a0531be2d08c2628a0143a10a7dcffa9719ca",
                "sha256:3b8eaf915ddc0709779889c472e553f0d3e8b7bdf62dab764c8921b09bf94522",
                "sha256:3cb3e1b9ec43256c4e0f8d2837267a70b0e1ca8c4f456685508ae6106b1f504c",
                "sha256:3eeeb0405fd145e714f7633a5173318bd88d8bbfc3dd0a5751f8c4f70ae629bc",
                "sha256:44f60519595eaca110f248e5017363d751b12782a6f2bd6a7041cba275215f5d",
                "sha256:4d7c26bfc1ea9f92084a1d75e11999e97b62d63128bcc90c3624d07813c52808",
                "sha256:529c4ed2e10437c205f38f3691a68be66c39197d01062618c55f74294a4a4828",
                "sha256:6642f15ad963b5092d65aed022d033c77763515fdc07095208f15d3563003869",
                "sha256:85ba797e1de5b48aa5a8427b6ba62cf69607c18c5d4eb747604b7302f1ec382d",
                "sha256:8f0f1e499e4000c4c347a124fa6a27d37608ced4fe9f7d45070563b7c4c370c9",
                "sha256:a624fae282e81ad2e4871bdb767e2c914d0539708c0f078b5b355258293c98b0",
                "sha256:b0358e6fefc74a16f745afa366acc89f979040e0cbc4eec55ab26ad1f6a9bfbc",
                "sha256:bbd2f4dfee1079f76943767fce837ade3087b578aeb9f69aec7857d5bf25db15",
                "sha256:bf39a9e19ce7298f1bd6a9758fa99707e9e5b1ebe5e90f2c3913a47bc548747c",
                "sha256:c11579638288e53fc94ad60022ff1b67865363e730ee41ad5e6f0a17188b327a",
                "sha256:c150eaa3dadbb2b5339675b88d4573c1be3cb6f2c33a6c83387e10cc0bf05bd3",
                "sha256:c53af463f4a40de78c58b8b2710ade243c81cbca641e34debf3396a9640d6ec1",
                "sha256:cb763ceceae04803adcc4e2d80d611ef201c73da32d8f2722e9d0ab0c7f10768",
                "sha256:cc75f58cdaf043fe6a7a6c04b3b5a0e694c6a9e24050967747251fb80d7bce0d",
                "sha256:d80998ed59176e8cba74028762fbd9b9153b9afc71ea118e63bbf5d4d0f9552b",
                "sha256:de31b5164d44ef4943db155b3e8e17929707cac1e5bd2f363e67a56e3af4af6e",
                "sha256:e66399cf0fc07de4dce4f588fc25bfe84a6d1285cc544e67987d22663393926d",
                "sha256:f0620511387790860b249b9241c2f13c3a80e21a73e0b861a2df24e9d6f56730",
                "sha256:f4eae045e6ab2bb54ca279733fe4eb85f1effda392666308250714e01907f394",
                "sha256:f92cdecb618e5fa4658aeb97d5eb3d2f47aa94ac6477c6daf0f306c5a3b9e6b1",
                "sha256:f92f789e4f9241cd262ad7a555ca2c648a98178a953af117ef7fad46aa1d5591"
            ],
            "version": "==1.14.3"
        },
        "constantly": {
            "hashes": [
                "sha256:586372eb92059873e29eba4f9dec8381541b4d3834660707faf8ba59146dfc35",
                "sha256:dd2fa9d6b1a51a83f0d7dd76293d734046aa176e384bf6e33b7e44880eb37c5d"
            ],
            "version": "==15.1.0"
        },
        "cryptography": {
            "hashes": [
                "sha256:21b47c59fcb1c36f1113f3709d37935368e34815ea1d7073862e92f810dc7499",
                "sha256:451cdf60be4dafb6a3b78802006a020e6cd709c22d240f94f7a0696240a17154",
                "sha256:4549b137d8cbe3c2eadfa56c0c858b78acbeff956bd461e40000b2164d9167c6",
                "sha256:48ee615a779ffa749d7d50c291761dc921d93d7cf203dca2db663b4f193f0e49",
                "sha256:559d622aef2a2dff98a892eef321433ba5bc55b2485220a8ca289c1ecc2bd54f",
                "sha256:5d52c72449bb02dd45a773a203196e6d4fae34e158769c896012401f33064396",
                "sha256:65beb15e7f9c16e15934569d29fb4def74ea1469d8781f6b3507ab896d6d8719",
                "sha256:680da076cad81cdf5ffcac50c477b6790be81768d30f9da9e01960c4b18a66db",
                "sha256:762bc5a0df03c51ee3f09c621e1cee64e3a079a2b5020de82f1613873d79ee70",
                "sha256:89aceb31cd5f9fc2449fe8cf3810797ca52b65f1489002d58fe190bfb265c536",
                "sha256:983c0c3de4cb9fcba68fd3f45ed846eb86a2a8b8d8bc5bb18364c4d00b3c61fe",
                "sha256:99d4984aabd4c7182050bca76176ce2dbc9fa9748afe583a7865c12954d714ba",
                "sha256:9d9fc6a16357965d282dd4ab6531013935425d0dc4950df2e0cf2a1b1ac1017d",
                "sha256:a7597ffc67987b37b12e09c029bd1dc43965f75d328076ae85721b84046e9ca7",
                "sha256:ab010e461bb6b444eaf7f8c813bb716be2d78ab786103f9608ffd37a4bd7d490",
                "sha256:b12e715c10a13ca1bd27fbceed9adc8c5ff640f8e1f7ea76416352de703523c8",
                "sha256:b2bded09c578d19e08bd2c5bb8fed7f103e089752c9cf7ca7ca7de522326e921",
                "sha256:b372026ebf32fe2523159f27d9f0e9f485092e43b00a5adacf732192a70ba118",
                "sha256:cb179acdd4ae1e4a5a160d80b87841b3d0e0be84af46c7bb2cd7ece57a39c4ba",
                "sha256:e97a3b627e3cb63c415a16245d6cef2139cca18bb1183d1b9375a1c14e83f3b3",
                "sha256:f0e099fc4cc697450c3dd4031791559692dd941a95254cb9aeded66a7aa8b9bc",
                "sha256:f99317a0fa2e49917689b8cf977510addcfaaab769b3f899b9c481bbd76730c2"
            ],
            "markers": "python_version >= '2.7' and python_version not in '3.0, 3.1, 3.2, 3.3, 3.4'",
            "version": "==3.1.1"
        },
        "daphne": {
            "hashes": [
                "sha256:1ca46d7419103958bbc9576fb7ba3b25b053006e22058bc97084ee1a7d44f4ba",
                "sha256:aa64840015709bbc9daa3c4464a4a4d437937d6cda10a9b51e913eb319272553"
            ],
            "index": "pypi",
            "version": "==2.5.0"
        },
        "django": {
            "hashes": [
                "sha256:a2127ad0150ec6966655bedf15dbbff9697cc86d61653db2da1afa506c0b04cc",
                "sha256:c93c28ccf1d094cbd00d860e83128a39e45d2c571d3b54361713aaaf9a94cac4"
            ],
            "index": "pypi",
            "version": "==3.1.2"
        },
        "django-bootstrap4": {
            "hashes": [
                "sha256:1c0a931b4245a0dcd5051ea1b244ac130a328374ce8e85254c75eb072a737201",
                "sha256:32cc0f914ace4cef935c0d3f786dde2a52f0ea1be72153f6e356c0aa8f3925e1"
            ],
            "index": "pypi",
            "version": "==2.2.0"
        },
        "django-colorfield": {
            "hashes": [
                "sha256:e435ec31712f5e8b955cc7633aef1e49cc3b409c21dfcefeb2f6ef0e1cb69533",
                "sha256:f5dde281f4db8871eb5845aee614b4f1a47e7fd5b20476238793f519cd7bdf41"
            ],
            "index": "pypi",
            "version": "==0.3.2"
        },
        "hyperlink": {
            "hashes": [
                "sha256:47fcc7cd339c6cb2444463ec3277bdcfe142c8b1daf2160bdd52248deec815af",
                "sha256:c528d405766f15a2c536230de7e160b65a08e20264d8891b3eb03307b0df3c63"
            ],
            "version": "==20.0.1"
        },
        "idna": {
            "hashes": [
                "sha256:b307872f855b18632ce0c21c5e45be78c0ea7ae4c15c828c20788b26921eb3f6",
                "sha256:b97d804b1e9b523befed77c48dacec60e6dcb0b5391d57af6a65a312a90648c0"
            ],
            "markers": "python_version >= '2.7' and python_version not in '3.0, 3.1, 3.2, 3.3'",
            "version": "==2.10"
        },
        "incremental": {
            "hashes": [
                "sha256:717e12246dddf231a349175f48d74d93e2897244939173b01974ab6661406b9f",
                "sha256:7b751696aaf36eebfab537e458929e194460051ccad279c72b755a167eebd4b3"
            ],
            "version": "==17.5.0"
        },
        "pyasn1": {
            "hashes": [
                "sha256:014c0e9976956a08139dc0712ae195324a75e142284d5f87f1a87ee1b068a359",
                "sha256:03840c999ba71680a131cfaee6fab142e1ed9bbd9c693e285cc6aca0d555e576",
                "sha256:0458773cfe65b153891ac249bcf1b5f8f320b7c2ce462151f8fa74de8934becf",
                "sha256:08c3c53b75eaa48d71cf8c710312316392ed40899cb34710d092e96745a358b7",
                "sha256:39c7e2ec30515947ff4e87fb6f456dfc6e84857d34be479c9d4a4ba4bf46aa5d",
                "sha256:5c9414dcfede6e441f7e8f81b43b34e834731003427e5b09e4e00e3172a10f00",
                "sha256:6e7545f1a61025a4e58bb336952c5061697da694db1cae97b116e9c46abcf7c8",
                "sha256:78fa6da68ed2727915c4767bb386ab32cdba863caa7dbe473eaae45f9959da86",
                "sha256:7ab8a544af125fb704feadb008c99a88805126fb525280b2270bb25cc1d78a12",
                "sha256:99fcc3c8d804d1bc6d9a099921e39d827026409a58f2a720dcdb89374ea0c776",
                "sha256:aef77c9fb94a3ac588e87841208bdec464471d9871bd5050a287cc9a475cd0ba",
                "sha256:e89bf84b5437b532b0803ba5c9a5e054d21fec423a89952a74f87fa2c9b7bce2",
                "sha256:fec3e9d8e36808a28efb59b489e4528c10ad0f480e57dcc32b4de5c9d8c9fdf3"
            ],
            "version": "==0.4.8"
        },
        "pyasn1-modules": {
            "hashes": [
                "sha256:0845a5582f6a02bb3e1bde9ecfc4bfcae6ec3210dd270522fee602365430c3f8",
                "sha256:0fe1b68d1e486a1ed5473f1302bd991c1611d319bba158e98b106ff86e1d7199",
                "sha256:15b7c67fabc7fc240d87fb9aabf999cf82311a6d6fb2c70d00d3d0604878c811",
                "sha256:426edb7a5e8879f1ec54a1864f16b882c2837bfd06eee62f2c982315ee2473ed",
                "sha256:65cebbaffc913f4fe9e4808735c95ea22d7a7775646ab690518c056784bc21b4",
                "sha256:905f84c712230b2c592c19470d3ca8d552de726050d1d1716282a1f6146be65e",
                "sha256:a50b808ffeb97cb3601dd25981f6b016cbb3d31fbf57a8b8a87428e6158d0c74",
                "sha256:a99324196732f53093a84c4369c996713eb8c89d360a496b599fb1a9c47fc3eb",
                "sha256:b80486a6c77252ea3a3e9b1e360bc9cf28eaac41263d173c032581ad2f20fe45",
                "sha256:c29a5e5cc7a3f05926aff34e097e84f8589cd790ce0ed41b67aed6857b26aafd",
                "sha256:cbac4bc38d117f2a49aeedec4407d23e8866ea4ac27ff2cf7fb3e5b570df19e0",
                "sha256:f39edd8c4ecaa4556e989147ebf219227e2cd2e8a43c7e7fcb1f1c18c5fd6a3d",
                "sha256:fe0644d9ab041506b62782e92b06b8c68cca799e1a9636ec398675459e031405"
            ],
            "version": "==0.2.8"
        },
        "pycparser": {
            "hashes": [
                "sha256:2d475327684562c3a96cc71adf7dc8c4f0565175cf86b6d7a404ff4c771f15f0",
                "sha256:7582ad22678f0fcd81102833f60ef8d0e57288b6b5fb00323d101be910e35705"
            ],
            "markers": "python_version >= '2.7' and python_version not in '3.0, 3.1, 3.2, 3.3'",
            "version": "==2.20"
        },
        "pyhamcrest": {
            "hashes": [
                "sha256:412e00137858f04bde0729913874a48485665f2d36fe9ee449f26be864af9316",
                "sha256:7ead136e03655af85069b6f47b23eb7c3e5c221aa9f022a4fbb499f5b7308f29"
            ],
            "markers": "python_version >= '3.5'",
            "version": "==2.0.2"
        },
        "pyopenssl": {
            "hashes": [
                "sha256:621880965a720b8ece2f1b2f54ea2071966ab00e2970ad2ce11d596102063504",
                "sha256:9a24494b2602aaf402be5c9e30a0b82d4a5c67528fe8fb475e3f3bc00dd69507"
            ],
            "version": "==19.1.0"
        },
        "pytz": {
            "hashes": [
                "sha256:a494d53b6d39c3c6e44c3bec237336e14305e4f29bbf800b599253057fbb79ed",
                "sha256:c35965d010ce31b23eeb663ed3cc8c906275d6be1a34393a1d73a41febf4a048"
            ],
            "version": "==2020.1"
        },
        "service-identity": {
            "hashes": [
                "sha256:001c0707759cb3de7e49c078a7c0c9cd12594161d3bf06b9c254fdcb1a60dc36",
                "sha256:0858a54aabc5b459d1aafa8a518ed2081a285087f349fe3e55197989232e2e2d"
            ],
            "version": "==18.1.0"
        },
        "six": {
            "hashes": [
                "sha256:30639c035cdb23534cd4aa2dd52c3bf48f06e5f4a941509c8bafd8ce11080259",
                "sha256:8b74bedcbbbaca38ff6d7491d76f2b06b3592611af620f8426e82dddb04a5ced"
            ],
            "markers": "python_version >= '2.7' and python_version not in '3.0, 3.1, 3.2, 3.3'",
            "version": "==1.15.0"
        },
        "soupsieve": {
            "hashes": [
                "sha256:1634eea42ab371d3d346309b93df7870a88610f0725d47528be902a0d95ecc55",
                "sha256:a59dc181727e95d25f781f0eb4fd1825ff45590ec8ff49eadfd7f1a537cc0232"
            ],
            "markers": "python_version >= '3.0'",
            "version": "==2.0.1"
        },
        "sqlparse": {
            "hashes": [
                "sha256:022fb9c87b524d1f7862b3037e541f68597a730a8843245c349fc93e1643dc4e",
                "sha256:e162203737712307dfe78860cc56c8da8a852ab2ee33750e33aeadf38d12c548"
            ],
            "markers": "python_version >= '2.7' and python_version not in '3.0, 3.1, 3.2, 3.3'",
            "version": "==0.3.1"
        },
        "twisted": {
            "extras": [
                "tls"
            ],
            "hashes": [
                "sha256:040eb6641125d2a9a09cf198ec7b83dd8858c6f51f6770325ed9959c00f5098f",
                "sha256:147780b8caf21ba2aef3688628eaf13d7e7fe02a86747cd54bfaf2140538f042",
                "sha256:158ddb80719a4813d292293ac44ba41d8b56555ed009d90994a278237ee63d2c",
                "sha256:2182000d6ffc05d269e6c03bfcec8b57e20259ca1086180edaedec3f1e689292",
                "sha256:25ffcf37944bdad4a99981bc74006d735a678d2b5c193781254fbbb6d69e3b22",
                "sha256:3281d9ce889f7b21bdb73658e887141aa45a102baf3b2320eafcfba954fcefec",
                "sha256:356e8d8dd3590e790e3dba4db139eb8a17aca64b46629c622e1b1597a4a92478",
                "sha256:70952c56e4965b9f53b180daecf20a9595cf22b8d0935cd3bd664c90273c3ab2",
                "sha256:7408c6635ee1b96587289283ebe90ee15dbf9614b05857b446055116bc822d29",
                "sha256:7c547fd0215db9da8a1bc23182b309e84a232364cc26d829e9ee196ce840b114",
                "sha256:894f6f3cfa57a15ea0d0714e4283913a5f2511dbd18653dd148eba53b3919797",
                "sha256:94ac3d55a58c90e2075c5fe1853f2aa3892b73e3bf56395f743aefde8605eeaa",
                "sha256:a58e61a2a01e5bcbe3b575c0099a2bcb8d70a75b1a087338e0c48dd6e01a5f15",
                "sha256:c09c47ff9750a8e3aa60ad169c4b95006d455a29b80ad0901f031a103b2991cd",
                "sha256:ca3a0b8c9110800e576d89b5337373e52018b41069bc879f12fa42b7eb2d0274",
                "sha256:cd1dc5c85b58494138a3917752b54bb1daa0045d234b7c132c37a61d5483ebad",
                "sha256:cdbc4c7f0cd7a2218b575844e970f05a1be1861c607b0e048c9bceca0c4d42f7",
                "sha256:d267125cc0f1e8a0eed6319ba4ac7477da9b78a535601c49ecd20c875576433a",
                "sha256:d72c55b5d56e176563b91d11952d13b01af8725c623e498db5507b6614fc1e10",
                "sha256:d95803193561a243cb0401b0567c6b7987d3f2a67046770e1dccd1c9e49a9780",
                "sha256:e92703bed0cc21d6cb5c61d66922b3b1564015ca8a51325bd164a5e33798d504",
                "sha256:f058bd0168271de4dcdc39845b52dd0a4a2fecf5f1246335f13f5e96eaebb467",
                "sha256:f3c19e5bd42bbe4bf345704ad7c326c74d3fd7a1b3844987853bef180be638d4"
            ],
            "markers": "python_version >= '2.7' and python_version not in '3.0, 3.1, 3.2, 3.3, 3.4'",
            "version": "==20.3.0"
        },
        "txaio": {
            "hashes": [
                "sha256:17938f2bca4a9cabce61346758e482ca4e600160cbc28e861493eac74a19539d",
                "sha256:38a469daf93c37e5527cb062653d6393ae11663147c42fab7ddc3f6d00d434ae"
            ],
            "markers": "python_version >= '3.5'",
            "version": "==20.4.1"
        },
        "zope.interface": {
            "hashes": [
                "sha256:040f833694496065147e76581c0bf32b229a8b8c5eda120a0293afb008222387",
                "sha256:11198b44e4a3d8c7a80cc20bbdd65522258a4d82fe467cd310c9fcce8ffe2ed2",
                "sha256:121a9dccfe0c34be9c33b2c28225f0284f9b8e090580ffdff26c38fa16c7ffe1",
                "sha256:15f3082575e7e19581a80b866664f843719b647a7f7189c811ba7f9ab3309f83",
                "sha256:1d73d8986f948525536956ddd902e8a587a6846ebf4492117db16daba2865ddf",
                "sha256:208e82f73b242275b8566ac07a25158e7b21fa2f14e642a7881048430612d1a6",
                "sha256:2557833df892558123d791d6ff80ac4a2a0351f69c7421c7d5f0c07db72c8865",
                "sha256:25ea6906f9987d42546329d06f9750e69f0ee62307a2e7092955ed0758e64f09",
                "sha256:2c867914f7608674a555ac8daf20265644ac7be709e1da7d818089eebdfe544e",
                "sha256:2eadac20711a795d3bb7a2bfc87c04091cb5274d9c3281b43088a1227099b662",
                "sha256:37999d5ebd5d7bcd32438b725ca3470df05a7de8b1e9c0395bef24296b31ca99",
                "sha256:3ae8946d51789779f76e4fa326fd6676d8c19c1c3b4c4c5e9342807185264875",
                "sha256:5636cd7e60583b1608044ae4405e91575399430e66a5e1812f4bf30bcc55864e",
                "sha256:570e637cb6509998555f7e4af13006d89fad6c09cfc5c4795855385391063e4b",
                "sha256:590a40447ff3803c44050ce3c17c3958f11ca028dae3eacdd7b96775184394fa",
                "sha256:5aab51b9c1af1b8a84f40aa49ffe1684d41810b18d6c3e94aa50194e0a563f01",
                "sha256:5ffe4e0753393bcbcfc9a58133ed3d3a584634cc7cc2e667f8e3e6fbcbb2155d",
                "sha256:663982381bd428a275a841009e52983cc69c471a4979ce01344fadbf72cf353d",
                "sha256:6d06bf8e24dd6c473c4fbd8e16a83bd2e6d74add6ba25169043deb46d497b211",
                "sha256:6e5b9a4bf133cf1887b4a04c21c10ca9f548114f19c83957b2820d5c84254940",
                "sha256:70a2aed9615645bbe9d82c0f52bc7e676d2c0f8a63933d68418e0cb307f30536",
                "sha256:7750746421c4395e3d2cc3d805919f4f57bb9f2a9a0ccd955566a9341050a1b4",
                "sha256:7fc8708bc996e50fc7a9a2ad394e1f015348e389da26789fa6916630237143d7",
                "sha256:91abd2f080065a7c007540f6bbd93ef7bdbbffa6df4a4cfab3892d8623b83c98",
                "sha256:988f8b2281f3d95c66c01bdb141cefef1cc97db0d473c25c3fe2927ef00293b9",
                "sha256:9f56121d8a676802044584e6cc41250bbcde069d8adf725b9b817a6b0fd87f09",
                "sha256:a0f51536ce6e817a7aa25b0dca8b62feb210d4dc22cabfe8d1a92d47979372cd",
                "sha256:a1cdd7390d7f66ddcebf545203ca3728c4890d605f9f2697bc8e31437906e8e7",
                "sha256:b10eb4d0a77609679bf5f23708e20b1cd461a1643bd8ea42b1ca4149b1a5406c",
                "sha256:b274ac8e511b55ffb62e8292316bd2baa80c10e9fe811b1aa5ce81da6b6697d8",
                "sha256:c75b502af2c83fcfa2ee9c2257c1ba5806634a91a50db6129ff70e67c42c7e7b",
                "sha256:c9c8e53a5472b77f6a391b515c771105011f4b40740ce53af8428d1c8ca20004",
                "sha256:d867998a56c5133b9d31992beb699892e33b72150a8bf40f86cb52b8c606c83f",
                "sha256:eb566cab630ec176b2d6115ed08b2cf4d921b47caa7f02cca1b4a9525223ee94",
                "sha256:f61e6b95b414431ffe9dc460928fe9f351095fde074e2c2f5c6dda7b67a2192d",
                "sha256:f718675fd071bcce4f7cbf9250cbaaf64e2e91ef1b0b32a1af596e7412647556",
                "sha256:f9d4bfbd015e4b80dbad11c97049975f94592a6a0440e903ee647309f6252a1f",
                "sha256:fae50fc12a5e8541f6f1cc4ed744ca8f76a9543876cf63f618fb0e6aca8f8375",
                "sha256:fcf9c8edda7f7b2fd78069e97f4197815df5e871ec47b0f22580d330c6dec561",
                "sha256:fdedce3bc5360bd29d4bb90396e8d4d3c09af49bc0383909fe84c7233c5ee675"
            ],
            "markers": "python_version >= '2.7' and python_version not in '3.0, 3.1, 3.2, 3.3, 3.4'",
            "version": "==5.1.2"
        }
    },
    "develop": {
        "appdirs": {
            "hashes": [
                "sha256:7d5d0167b2b1ba821647616af46a749d1c653740dd0d2415100fe26e27afdf41",
                "sha256:a841dacd6b99318a741b166adb07e19ee71a274450e68237b4650ca1055ab128"
            ],
            "version": "==1.4.4"
        },
        "cfgv": {
            "hashes": [
                "sha256:32e43d604bbe7896fe7c248a9c2276447dbef840feb28fe20494f62af110211d",
                "sha256:cf22deb93d4bcf92f345a5c3cd39d3d41d6340adc60c78bbbd6588c384fda6a1"
            ],
            "markers": "python_full_version >= '3.6.1'",
            "version": "==3.2.0"
        },
        "distlib": {
            "hashes": [
                "sha256:8c09de2c67b3e7deef7184574fc060ab8a793e7adbb183d942c389c8b13c52fb",
                "sha256:edf6116872c863e1aa9d5bb7cb5e05a022c519a4594dc703843343a9ddd9bff1"
            ],
            "version": "==0.3.1"
        },
        "filelock": {
            "hashes": [
                "sha256:18d82244ee114f543149c66a6e0c14e9c4f8a1044b5cdaadd0f82159d6a6ff59",
                "sha256:929b7d63ec5b7d6b71b0fa5ac14e030b3f70b75747cef1b10da9b879fef15836"
            ],
            "version": "==3.0.12"
        },
        "identify": {
            "hashes": [
                "sha256:7c22c384a2c9b32c5cc891d13f923f6b2653aa83e2d75d8f79be240d6c86c4f4",
                "sha256:da683bfb7669fa749fc7731f378229e2dbf29a1d1337cbde04106f02236eb29d"
            ],
            "markers": "python_version >= '2.7' and python_version not in '3.0, 3.1, 3.2, 3.3'",
            "version": "==1.5.5"
        },
        "nodeenv": {
            "hashes": [
                "sha256:5304d424c529c997bc888453aeaa6362d242b6b4631e90f3d4bf1b290f1c84a9",
                "sha256:ab45090ae383b716c4ef89e690c41ff8c2b257b85b309f01f3654df3d084bd7c"
            ],
            "version": "==1.5.0"
        },
        "pre-commit": {
            "hashes": [
                "sha256:810aef2a2ba4f31eed1941fc270e72696a1ad5590b9751839c90807d0fff6b9a",
                "sha256:c54fd3e574565fe128ecc5e7d2f91279772ddb03f8729645fa812fe809084a70"
            ],
            "index": "pypi",
            "version": "==2.7.1"
        },
        "pyyaml": {
            "hashes": [
                "sha256:06a0d7ba600ce0b2d2fe2e78453a470b5a6e000a985dd4a4e54e436cc36b0e97",
                "sha256:240097ff019d7c70a4922b6869d8a86407758333f02203e0fc6ff79c5dcede76",
                "sha256:4f4b913ca1a7319b33cfb1369e91e50354d6f07a135f3b901aca02aa95940bd2",
                "sha256:69f00dca373f240f842b2931fb2c7e14ddbacd1397d57157a9b005a6a9942648",
                "sha256:73f099454b799e05e5ab51423c7bcf361c58d3206fa7b0d555426b1f4d9a3eaf",
                "sha256:74809a57b329d6cc0fdccee6318f44b9b8649961fa73144a98735b0aaf029f1f",
                "sha256:7739fc0fa8205b3ee8808aea45e968bc90082c10aef6ea95e855e10abf4a37b2",
                "sha256:95f71d2af0ff4227885f7a6605c37fd53d3a106fcab511b8860ecca9fcf400ee",
                "sha256:b8eac752c5e14d3eca0e6dd9199cd627518cb5ec06add0de9d32baeee6fe645d",
                "sha256:cc8955cfbfc7a115fa81d85284ee61147059a753344bc51098f3ccd69b0d7e0c",
                "sha256:d13155f591e6fcc1ec3b30685d50bf0711574e2c0dfffd7644babf8b5102ca1a"
            ],
            "version": "==5.3.1"
        },
        "six": {
            "hashes": [
                "sha256:30639c035cdb23534cd4aa2dd52c3bf48f06e5f4a941509c8bafd8ce11080259",
                "sha256:8b74bedcbbbaca38ff6d7491d76f2b06b3592611af620f8426e82dddb04a5ced"
            ],
            "markers": "python_version >= '2.7' and python_version not in '3.0, 3.1, 3.2, 3.3'",
            "version": "==1.15.0"
        },
        "toml": {
            "hashes": [
                "sha256:926b612be1e5ce0634a2ca03470f95169cf16f939018233a670519cb4ac58b0f",
                "sha256:bda89d5935c2eac546d648028b9901107a595863cb36bae0c73ac804a9b4ce88"
            ],
            "version": "==0.10.1"
        },
        "virtualenv": {
            "hashes": [
                "sha256:3d427459dfe5ec3241a6bad046b1d10c0e445940e013c81946458987c7c7e255",
                "sha256:9160a8f6196afcb8bb91405b5362651f302ee8e810fc471f5f9ce9a06b070298"
            ],
            "markers": "python_version >= '2.7' and python_version not in '3.0, 3.1, 3.2, 3.3'",
            "version": "==20.0.32"
        }
    }
}
